// !$*UTF8*$!
{
	archiveVersion = 1;
	classes = {
	};
	objectVersion = 55;
	objects = {

/* Begin PBXBuildFile section */
		3F1CFB7F34A84EC5BE6B7AB7 /* Pods_flixer_flixerUITests.framework in Frameworks */ = {isa = PBXBuildFile; fileRef = BB31A857EA80E5183240532C /* Pods_flixer_flixerUITests.framework */; };
		549D5A9FDAB67C28ECE66230 /* Pods_flixer.framework in Frameworks */ = {isa = PBXBuildFile; fileRef = A0D6B2E3B8FFE4BFEFAB8633 /* Pods_flixer.framework */; };
		69EE7520F73BB0573A4D5BE6 /* Pods_flixerTests.framework in Frameworks */ = {isa = PBXBuildFile; fileRef = 09DEBC1693D3FF634852DD4B /* Pods_flixerTests.framework */; };
		6E9E7B52275ABCCC00EAB9F7 /* MovieGridViewController.swift in Sources */ = {isa = PBXBuildFile; fileRef = 6E9E7B51275ABCCC00EAB9F7 /* MovieGridViewController.swift */; };
		6E9E7B56275ACE0A00EAB9F7 /* MovieGridCell.swift in Sources */ = {isa = PBXBuildFile; fileRef = 6E9E7B55275ACE0A00EAB9F7 /* MovieGridCell.swift */; };
		6EA265E9274968BA00F468AE /* MovieViewController.swift in Sources */ = {isa = PBXBuildFile; fileRef = 6EA265E8274968BA00F468AE /* MovieViewController.swift */; };
		6EA265EB27498DEC00F468AE /* MovieCell.swift in Sources */ = {isa = PBXBuildFile; fileRef = 6EA265EA27498DEC00F468AE /* MovieCell.swift */; };
		6EA265EE274ADB4100F468AE /* AlamofireImage in Frameworks */ = {isa = PBXBuildFile; productRef = 6EA265ED274ADB4100F468AE /* AlamofireImage */; };
		6EAF30F92738D8120023161E /* AppDelegate.swift in Sources */ = {isa = PBXBuildFile; fileRef = 6EAF30F82738D8120023161E /* AppDelegate.swift */; };
		6EAF30FB2738D8120023161E /* SceneDelegate.swift in Sources */ = {isa = PBXBuildFile; fileRef = 6EAF30FA2738D8120023161E /* SceneDelegate.swift */; };
		6EAF30FD2738D8120023161E /* ViewController.swift in Sources */ = {isa = PBXBuildFile; fileRef = 6EAF30FC2738D8120023161E /* ViewController.swift */; };
		6EAF31002738D8120023161E /* Main.storyboard in Resources */ = {isa = PBXBuildFile; fileRef = 6EAF30FE2738D8120023161E /* Main.storyboard */; };
		6EAF31022738D81A0023161E /* Assets.xcassets in Resources */ = {isa = PBXBuildFile; fileRef = 6EAF31012738D81A0023161E /* Assets.xcassets */; };
		6EAF31052738D81A0023161E /* LaunchScreen.storyboard in Resources */ = {isa = PBXBuildFile; fileRef = 6EAF31032738D81A0023161E /* LaunchScreen.storyboard */; };
		6EAF31102738D81B0023161E /* flixerTests.swift in Sources */ = {isa = PBXBuildFile; fileRef = 6EAF310F2738D81B0023161E /* flixerTests.swift */; };
		6EAF311A2738D81B0023161E /* flixerUITests.swift in Sources */ = {isa = PBXBuildFile; fileRef = 6EAF31192738D81B0023161E /* flixerUITests.swift */; };
		6EAF311C2738D81B0023161E /* flixerUITestsLaunchTests.swift in Sources */ = {isa = PBXBuildFile; fileRef = 6EAF311B2738D81B0023161E /* flixerUITestsLaunchTests.swift */; };
		6EB5B85D274C415E0004EBF9 /* MovieDetailsViewController.swift in Sources */ = {isa = PBXBuildFile; fileRef = 6EB5B85C274C415E0004EBF9 /* MovieDetailsViewController.swift */; };
/* End PBXBuildFile section */

/* Begin PBXContainerItemProxy section */
		6EAF310C2738D81B0023161E /* PBXContainerItemProxy */ = {
			isa = PBXContainerItemProxy;
			containerPortal = 6EAF30ED2738D8120023161E /* Project object */;
			proxyType = 1;
			remoteGlobalIDString = 6EAF30F42738D8120023161E;
			remoteInfo = flixer;
		};
		6EAF31162738D81B0023161E /* PBXContainerItemProxy */ = {
			isa = PBXContainerItemProxy;
			containerPortal = 6EAF30ED2738D8120023161E /* Project object */;
			proxyType = 1;
			remoteGlobalIDString = 6EAF30F42738D8120023161E;
			remoteInfo = flixer;
		};
/* End PBXContainerItemProxy section */

/* Begin PBXFileReference section */
		05A07F7A2D511E50DAE4CD64 /* Pods-flixerTests.debug.xcconfig */ = {isa = PBXFileReference; includeInIndex = 1; lastKnownFileType = text.xcconfig; name = "Pods-flixerTests.debug.xcconfig"; path = "Target Support Files/Pods-flixerTests/Pods-flixerTests.debug.xcconfig"; sourceTree = "<group>"; };
		09DEBC1693D3FF634852DD4B /* Pods_flixerTests.framework */ = {isa = PBXFileReference; explicitFileType = wrapper.framework; includeInIndex = 0; path = Pods_flixerTests.framework; sourceTree = BUILT_PRODUCTS_DIR; };
		273E58F4FE93C6D7A889A043 /* Pods-flixer-flixerUITests.release.xcconfig */ = {isa = PBXFileReference; includeInIndex = 1; lastKnownFileType = text.xcconfig; name = "Pods-flixer-flixerUITests.release.xcconfig"; path = "Target Support Files/Pods-flixer-flixerUITests/Pods-flixer-flixerUITests.release.xcconfig"; sourceTree = "<group>"; };
		6E9E7B51275ABCCC00EAB9F7 /* MovieGridViewController.swift */ = {isa = PBXFileReference; lastKnownFileType = sourcecode.swift; path = MovieGridViewController.swift; sourceTree = "<group>"; };
		6E9E7B55275ACE0A00EAB9F7 /* MovieGridCell.swift */ = {isa = PBXFileReference; lastKnownFileType = sourcecode.swift; path = MovieGridCell.swift; sourceTree = "<group>"; };
		6EA265E8274968BA00F468AE /* MovieViewController.swift */ = {isa = PBXFileReference; lastKnownFileType = sourcecode.swift; path = MovieViewController.swift; sourceTree = "<group>"; };
		6EA265EA27498DEC00F468AE /* MovieCell.swift */ = {isa = PBXFileReference; lastKnownFileType = sourcecode.swift; path = MovieCell.swift; sourceTree = "<group>"; };
		6EAF30F52738D8120023161E /* flixer.app */ = {isa = PBXFileReference; explicitFileType = wrapper.application; includeInIndex = 0; path = flixer.app; sourceTree = BUILT_PRODUCTS_DIR; };
		6EAF30F82738D8120023161E /* AppDelegate.swift */ = {isa = PBXFileReference; lastKnownFileType = sourcecode.swift; path = AppDelegate.swift; sourceTree = "<group>"; };
		6EAF30FA2738D8120023161E /* SceneDelegate.swift */ = {isa = PBXFileReference; lastKnownFileType = sourcecode.swift; path = SceneDelegate.swift; sourceTree = "<group>"; };
		6EAF30FC2738D8120023161E /* ViewController.swift */ = {isa = PBXFileReference; lastKnownFileType = sourcecode.swift; path = ViewController.swift; sourceTree = "<group>"; };
		6EAF30FF2738D8120023161E /* Base */ = {isa = PBXFileReference; lastKnownFileType = file.storyboard; name = Base; path = Base.lproj/Main.storyboard; sourceTree = "<group>"; };
		6EAF31012738D81A0023161E /* Assets.xcassets */ = {isa = PBXFileReference; lastKnownFileType = folder.assetcatalog; path = Assets.xcassets; sourceTree = "<group>"; };
		6EAF31042738D81A0023161E /* Base */ = {isa = PBXFileReference; lastKnownFileType = file.storyboard; name = Base; path = Base.lproj/LaunchScreen.storyboard; sourceTree = "<group>"; };
		6EAF31062738D81A0023161E /* Info.plist */ = {isa = PBXFileReference; lastKnownFileType = text.plist.xml; path = Info.plist; sourceTree = "<group>"; };
		6EAF310B2738D81B0023161E /* flixerTests.xctest */ = {isa = PBXFileReference; explicitFileType = wrapper.cfbundle; includeInIndex = 0; path = flixerTests.xctest; sourceTree = BUILT_PRODUCTS_DIR; };
		6EAF310F2738D81B0023161E /* flixerTests.swift */ = {isa = PBXFileReference; lastKnownFileType = sourcecode.swift; path = flixerTests.swift; sourceTree = "<group>"; };
		6EAF31152738D81B0023161E /* flixerUITests.xctest */ = {isa = PBXFileReference; explicitFileType = wrapper.cfbundle; includeInIndex = 0; path = flixerUITests.xctest; sourceTree = BUILT_PRODUCTS_DIR; };
		6EAF31192738D81B0023161E /* flixerUITests.swift */ = {isa = PBXFileReference; lastKnownFileType = sourcecode.swift; path = flixerUITests.swift; sourceTree = "<group>"; };
		6EAF311B2738D81B0023161E /* flixerUITestsLaunchTests.swift */ = {isa = PBXFileReference; lastKnownFileType = sourcecode.swift; path = flixerUITestsLaunchTests.swift; sourceTree = "<group>"; };
		6EB5B85C274C415E0004EBF9 /* MovieDetailsViewController.swift */ = {isa = PBXFileReference; lastKnownFileType = sourcecode.swift; path = MovieDetailsViewController.swift; sourceTree = "<group>"; };
		87C960FF0E4B9393D23071D3 /* Pods-flixer.debug.xcconfig */ = {isa = PBXFileReference; includeInIndex = 1; lastKnownFileType = text.xcconfig; name = "Pods-flixer.debug.xcconfig"; path = "Target Support Files/Pods-flixer/Pods-flixer.debug.xcconfig"; sourceTree = "<group>"; };
		A0D6B2E3B8FFE4BFEFAB8633 /* Pods_flixer.framework */ = {isa = PBXFileReference; explicitFileType = wrapper.framework; includeInIndex = 0; path = Pods_flixer.framework; sourceTree = BUILT_PRODUCTS_DIR; };
		A63867D4BCC0A0A8F17CE276 /* Pods-flixerTests.release.xcconfig */ = {isa = PBXFileReference; includeInIndex = 1; lastKnownFileType = text.xcconfig; name = "Pods-flixerTests.release.xcconfig"; path = "Target Support Files/Pods-flixerTests/Pods-flixerTests.release.xcconfig"; sourceTree = "<group>"; };
		A645B38907C9CC7AC9F436E2 /* Pods-flixer.release.xcconfig */ = {isa = PBXFileReference; includeInIndex = 1; lastKnownFileType = text.xcconfig; name = "Pods-flixer.release.xcconfig"; path = "Target Support Files/Pods-flixer/Pods-flixer.release.xcconfig"; sourceTree = "<group>"; };
		BB31A857EA80E5183240532C /* Pods_flixer_flixerUITests.framework */ = {isa = PBXFileReference; explicitFileType = wrapper.framework; includeInIndex = 0; path = Pods_flixer_flixerUITests.framework; sourceTree = BUILT_PRODUCTS_DIR; };
		DE8484D4C55EA573141CEBBB /* Pods-flixer-flixerUITests.debug.xcconfig */ = {isa = PBXFileReference; includeInIndex = 1; lastKnownFileType = text.xcconfig; name = "Pods-flixer-flixerUITests.debug.xcconfig"; path = "Target Support Files/Pods-flixer-flixerUITests/Pods-flixer-flixerUITests.debug.xcconfig"; sourceTree = "<group>"; };
/* End PBXFileReference section */

/* Begin PBXFrameworksBuildPhase section */
		6EAF30F22738D8120023161E /* Frameworks */ = {
			isa = PBXFrameworksBuildPhase;
			buildActionMask = 2147483647;
			files = (
				6EA265EE274ADB4100F468AE /* AlamofireImage in Frameworks */,
				549D5A9FDAB67C28ECE66230 /* Pods_flixer.framework in Frameworks */,
			);
			runOnlyForDeploymentPostprocessing = 0;
		};
		6EAF31082738D81B0023161E /* Frameworks */ = {
			isa = PBXFrameworksBuildPhase;
			buildActionMask = 2147483647;
			files = (
				69EE7520F73BB0573A4D5BE6 /* Pods_flixerTests.framework in Frameworks */,
			);
			runOnlyForDeploymentPostprocessing = 0;
		};
		6EAF31122738D81B0023161E /* Frameworks */ = {
			isa = PBXFrameworksBuildPhase;
			buildActionMask = 2147483647;
			files = (
				3F1CFB7F34A84EC5BE6B7AB7 /* Pods_flixer_flixerUITests.framework in Frameworks */,
			);
			runOnlyForDeploymentPostprocessing = 0;
		};
/* End PBXFrameworksBuildPhase section */

/* Begin PBXGroup section */
		6EAF30EC2738D8120023161E = {
			isa = PBXGroup;
			children = (
				6EAF30F72738D8120023161E /* flixer */,
				6EAF310E2738D81B0023161E /* flixerTests */,
				6EAF31182738D81B0023161E /* flixerUITests */,
				6EAF30F62738D8120023161E /* Products */,
				8A619560012BF6EE48ECE502 /* Pods */,
				E4FF5A71F0D4D6AAE0726554 /* Frameworks */,
			);
			sourceTree = "<group>";
		};
		6EAF30F62738D8120023161E /* Products */ = {
			isa = PBXGroup;
			children = (
				6EAF30F52738D8120023161E /* flixer.app */,
				6EAF310B2738D81B0023161E /* flixerTests.xctest */,
				6EAF31152738D81B0023161E /* flixerUITests.xctest */,
			);
			name = Products;
			sourceTree = "<group>";
		};
		6EAF30F72738D8120023161E /* flixer */ = {
			isa = PBXGroup;
			children = (
				6EAF30F82738D8120023161E /* AppDelegate.swift */,
				6EAF30FE2738D8120023161E /* Main.storyboard */,
				6EAF30FA2738D8120023161E /* SceneDelegate.swift */,
				6EAF30FC2738D8120023161E /* ViewController.swift */,
				6EB5B85C274C415E0004EBF9 /* MovieDetailsViewController.swift */,
				6EA265EA27498DEC00F468AE /* MovieCell.swift */,
				6EA265E8274968BA00F468AE /* MovieViewController.swift */,
				6EAF31012738D81A0023161E /* Assets.xcassets */,
				6EAF31032738D81A0023161E /* LaunchScreen.storyboard */,
				6EAF31062738D81A0023161E /* Info.plist */,
				6E9E7B51275ABCCC00EAB9F7 /* MovieGridViewController.swift */,
				6E9E7B55275ACE0A00EAB9F7 /* MovieGridCell.swift */,
			);
			path = flixer;
			sourceTree = "<group>";
		};
		6EAF310E2738D81B0023161E /* flixerTests */ = {
			isa = PBXGroup;
			children = (
				6EAF310F2738D81B0023161E /* flixerTests.swift */,
			);
			path = flixerTests;
			sourceTree = "<group>";
		};
		6EAF31182738D81B0023161E /* flixerUITests */ = {
			isa = PBXGroup;
			children = (
				6EAF31192738D81B0023161E /* flixerUITests.swift */,
				6EAF311B2738D81B0023161E /* flixerUITestsLaunchTests.swift */,
			);
			path = flixerUITests;
			sourceTree = "<group>";
		};
		8A619560012BF6EE48ECE502 /* Pods */ = {
			isa = PBXGroup;
			children = (
				87C960FF0E4B9393D23071D3 /* Pods-flixer.debug.xcconfig */,
				A645B38907C9CC7AC9F436E2 /* Pods-flixer.release.xcconfig */,
				DE8484D4C55EA573141CEBBB /* Pods-flixer-flixerUITests.debug.xcconfig */,
				273E58F4FE93C6D7A889A043 /* Pods-flixer-flixerUITests.release.xcconfig */,
				05A07F7A2D511E50DAE4CD64 /* Pods-flixerTests.debug.xcconfig */,
				A63867D4BCC0A0A8F17CE276 /* Pods-flixerTests.release.xcconfig */,
			);
			path = Pods;
			sourceTree = "<group>";
		};
		E4FF5A71F0D4D6AAE0726554 /* Frameworks */ = {
			isa = PBXGroup;
			children = (
				A0D6B2E3B8FFE4BFEFAB8633 /* Pods_flixer.framework */,
				BB31A857EA80E5183240532C /* Pods_flixer_flixerUITests.framework */,
				09DEBC1693D3FF634852DD4B /* Pods_flixerTests.framework */,
			);
			name = Frameworks;
			sourceTree = "<group>";
		};
/* End PBXGroup section */

/* Begin PBXNativeTarget section */
		6EAF30F42738D8120023161E /* flixer */ = {
			isa = PBXNativeTarget;
			buildConfigurationList = 6EAF311F2738D81B0023161E /* Build configuration list for PBXNativeTarget "flixer" */;
			buildPhases = (
				BD20EF1E0B110E61644605D6 /* [CP] Check Pods Manifest.lock */,
				6EAF30F12738D8120023161E /* Sources */,
				6EAF30F22738D8120023161E /* Frameworks */,
				6EAF30F32738D8120023161E /* Resources */,
				42A1EBED5FC395D655A4DAE3 /* [CP] Embed Pods Frameworks */,
			);
			buildRules = (
			);
			dependencies = (
			);
			name = flixer;
			packageProductDependencies = (
				6EA265ED274ADB4100F468AE /* AlamofireImage */,
			);
			productName = flixer;
			productReference = 6EAF30F52738D8120023161E /* flixer.app */;
			productType = "com.apple.product-type.application";
		};
		6EAF310A2738D81B0023161E /* flixerTests */ = {
			isa = PBXNativeTarget;
			buildConfigurationList = 6EAF31222738D81B0023161E /* Build configuration list for PBXNativeTarget "flixerTests" */;
			buildPhases = (
				017CBABDEDBDB6AC053207AC /* [CP] Check Pods Manifest.lock */,
				6EAF31072738D81B0023161E /* Sources */,
				6EAF31082738D81B0023161E /* Frameworks */,
				6EAF31092738D81B0023161E /* Resources */,
			);
			buildRules = (
			);
			dependencies = (
				6EAF310D2738D81B0023161E /* PBXTargetDependency */,
			);
			name = flixerTests;
			productName = flixerTests;
			productReference = 6EAF310B2738D81B0023161E /* flixerTests.xctest */;
			productType = "com.apple.product-type.bundle.unit-test";
		};
		6EAF31142738D81B0023161E /* flixerUITests */ = {
			isa = PBXNativeTarget;
			buildConfigurationList = 6EAF31252738D81B0023161E /* Build configuration list for PBXNativeTarget "flixerUITests" */;
			buildPhases = (
				F6817E637D4DA62CD855A069 /* [CP] Check Pods Manifest.lock */,
				6EAF31112738D81B0023161E /* Sources */,
				6EAF31122738D81B0023161E /* Frameworks */,
				6EAF31132738D81B0023161E /* Resources */,
				D0201C8947E726E166ED0A9A /* [CP] Embed Pods Frameworks */,
			);
			buildRules = (
			);
			dependencies = (
				6EAF31172738D81B0023161E /* PBXTargetDependency */,
			);
			name = flixerUITests;
			productName = flixerUITests;
			productReference = 6EAF31152738D81B0023161E /* flixerUITests.xctest */;
			productType = "com.apple.product-type.bundle.ui-testing";
		};
/* End PBXNativeTarget section */

/* Begin PBXProject section */
		6EAF30ED2738D8120023161E /* Project object */ = {
			isa = PBXProject;
			attributes = {
				BuildIndependentTargetsInParallel = 1;
				LastSwiftUpdateCheck = 1310;
				LastUpgradeCheck = 1310;
				TargetAttributes = {
					6EAF30F42738D8120023161E = {
						CreatedOnToolsVersion = 13.1;
					};
					6EAF310A2738D81B0023161E = {
						CreatedOnToolsVersion = 13.1;
						TestTargetID = 6EAF30F42738D8120023161E;
					};
					6EAF31142738D81B0023161E = {
						CreatedOnToolsVersion = 13.1;
						TestTargetID = 6EAF30F42738D8120023161E;
					};
				};
			};
			buildConfigurationList = 6EAF30F02738D8120023161E /* Build configuration list for PBXProject "flixer" */;
			compatibilityVersion = "Xcode 13.0";
			developmentRegion = en;
			hasScannedForEncodings = 0;
			knownRegions = (
				en,
				Base,
			);
			mainGroup = 6EAF30EC2738D8120023161E;
			packageReferences = (
				6EA265EC274ADB4100F468AE /* XCRemoteSwiftPackageReference "AlamofireImage" */,
			);
			productRefGroup = 6EAF30F62738D8120023161E /* Products */;
			projectDirPath = "";
			projectRoot = "";
			targets = (
				6EAF30F42738D8120023161E /* flixer */,
				6EAF310A2738D81B0023161E /* flixerTests */,
				6EAF31142738D81B0023161E /* flixerUITests */,
			);
		};
/* End PBXProject section */

/* Begin PBXResourcesBuildPhase section */
		6EAF30F32738D8120023161E /* Resources */ = {
			isa = PBXResourcesBuildPhase;
			buildActionMask = 2147483647;
			files = (
				6EAF31052738D81A0023161E /* LaunchScreen.storyboard in Resources */,
				6EAF31022738D81A0023161E /* Assets.xcassets in Resources */,
				6EAF31002738D8120023161E /* Main.storyboard in Resources */,
			);
			runOnlyForDeploymentPostprocessing = 0;
		};
		6EAF31092738D81B0023161E /* Resources */ = {
			isa = PBXResourcesBuildPhase;
			buildActionMask = 2147483647;
			files = (
			);
			runOnlyForDeploymentPostprocessing = 0;
		};
		6EAF31132738D81B0023161E /* Resources */ = {
			isa = PBXResourcesBuildPhase;
			buildActionMask = 2147483647;
			files = (
			);
			runOnlyForDeploymentPostprocessing = 0;
		};
/* End PBXResourcesBuildPhase section */

/* Begin PBXShellScriptBuildPhase section */
		017CBABDEDBDB6AC053207AC /* [CP] Check Pods Manifest.lock */ = {
			isa = PBXShellScriptBuildPhase;
			buildActionMask = 2147483647;
			files = (
			);
			inputFileListPaths = (
			);
			inputPaths = (
				"${PODS_PODFILE_DIR_PATH}/Podfile.lock",
				"${PODS_ROOT}/Manifest.lock",
			);
			name = "[CP] Check Pods Manifest.lock";
			outputFileListPaths = (
			);
			outputPaths = (
				"$(DERIVED_FILE_DIR)/Pods-flixerTests-checkManifestLockResult.txt",
			);
			runOnlyForDeploymentPostprocessing = 0;
			shellPath = /bin/sh;
			shellScript = "diff \"${PODS_PODFILE_DIR_PATH}/Podfile.lock\" \"${PODS_ROOT}/Manifest.lock\" > /dev/null\nif [ $? != 0 ] ; then\n    # print error to STDERR\n    echo \"error: The sandbox is not in sync with the Podfile.lock. Run 'pod install' or update your CocoaPods installation.\" >&2\n    exit 1\nfi\n# This output is used by Xcode 'outputs' to avoid re-running this script phase.\necho \"SUCCESS\" > \"${SCRIPT_OUTPUT_FILE_0}\"\n";
			showEnvVarsInLog = 0;
		};
		42A1EBED5FC395D655A4DAE3 /* [CP] Embed Pods Frameworks */ = {
			isa = PBXShellScriptBuildPhase;
			buildActionMask = 2147483647;
			files = (
			);
			inputFileListPaths = (
				"${PODS_ROOT}/Target Support Files/Pods-flixer/Pods-flixer-frameworks-${CONFIGURATION}-input-files.xcfilelist",
			);
			name = "[CP] Embed Pods Frameworks";
			outputFileListPaths = (
				"${PODS_ROOT}/Target Support Files/Pods-flixer/Pods-flixer-frameworks-${CONFIGURATION}-output-files.xcfilelist",
			);
			runOnlyForDeploymentPostprocessing = 0;
			shellPath = /bin/sh;
			shellScript = "\"${PODS_ROOT}/Target Support Files/Pods-flixer/Pods-flixer-frameworks.sh\"\n";
			showEnvVarsInLog = 0;
		};
		BD20EF1E0B110E61644605D6 /* [CP] Check Pods Manifest.lock */ = {
			isa = PBXShellScriptBuildPhase;
			buildActionMask = 2147483647;
			files = (
			);
			inputFileListPaths = (
			);
			inputPaths = (
				"${PODS_PODFILE_DIR_PATH}/Podfile.lock",
				"${PODS_ROOT}/Manifest.lock",
			);
			name = "[CP] Check Pods Manifest.lock";
			outputFileListPaths = (
			);
			outputPaths = (
				"$(DERIVED_FILE_DIR)/Pods-flixer-checkManifestLockResult.txt",
			);
			runOnlyForDeploymentPostprocessing = 0;
			shellPath = /bin/sh;
			shellScript = "diff \"${PODS_PODFILE_DIR_PATH}/Podfile.lock\" \"${PODS_ROOT}/Manifest.lock\" > /dev/null\nif [ $? != 0 ] ; then\n    # print error to STDERR\n    echo \"error: The sandbox is not in sync with the Podfile.lock. Run 'pod install' or update your CocoaPods installation.\" >&2\n    exit 1\nfi\n# This output is used by Xcode 'outputs' to avoid re-running this script phase.\necho \"SUCCESS\" > \"${SCRIPT_OUTPUT_FILE_0}\"\n";
			showEnvVarsInLog = 0;
		};
		D0201C8947E726E166ED0A9A /* [CP] Embed Pods Frameworks */ = {
			isa = PBXShellScriptBuildPhase;
			buildActionMask = 2147483647;
			files = (
			);
			inputFileListPaths = (
				"${PODS_ROOT}/Target Support Files/Pods-flixer-flixerUITests/Pods-flixer-flixerUITests-frameworks-${CONFIGURATION}-input-files.xcfilelist",
			);
			name = "[CP] Embed Pods Frameworks";
			outputFileListPaths = (
				"${PODS_ROOT}/Target Support Files/Pods-flixer-flixerUITests/Pods-flixer-flixerUITests-frameworks-${CONFIGURATION}-output-files.xcfilelist",
			);
			runOnlyForDeploymentPostprocessing = 0;
			shellPath = /bin/sh;
			shellScript = "\"${PODS_ROOT}/Target Support Files/Pods-flixer-flixerUITests/Pods-flixer-flixerUITests-frameworks.sh\"\n";
			showEnvVarsInLog = 0;
		};
		F6817E637D4DA62CD855A069 /* [CP] Check Pods Manifest.lock */ = {
			isa = PBXShellScriptBuildPhase;
			buildActionMask = 2147483647;
			files = (
			);
			inputFileListPaths = (
			);
			inputPaths = (
				"${PODS_PODFILE_DIR_PATH}/Podfile.lock",
				"${PODS_ROOT}/Manifest.lock",
			);
			name = "[CP] Check Pods Manifest.lock";
			outputFileListPaths = (
			);
			outputPaths = (
				"$(DERIVED_FILE_DIR)/Pods-flixer-flixerUITests-checkManifestLockResult.txt",
			);
			runOnlyForDeploymentPostprocessing = 0;
			shellPath = /bin/sh;
			shellScript = "diff \"${PODS_PODFILE_DIR_PATH}/Podfile.lock\" \"${PODS_ROOT}/Manifest.lock\" > /dev/null\nif [ $? != 0 ] ; then\n    # print error to STDERR\n    echo \"error: The sandbox is not in sync with the Podfile.lock. Run 'pod install' or update your CocoaPods installation.\" >&2\n    exit 1\nfi\n# This output is used by Xcode 'outputs' to avoid re-running this script phase.\necho \"SUCCESS\" > \"${SCRIPT_OUTPUT_FILE_0}\"\n";
			showEnvVarsInLog = 0;
		};
/* End PBXShellScriptBuildPhase section */

/* Begin PBXSourcesBuildPhase section */
		6EAF30F12738D8120023161E /* Sources */ = {
			isa = PBXSourcesBuildPhase;
			buildActionMask = 2147483647;
			files = (
				6EAF30FD2738D8120023161E /* ViewController.swift in Sources */,
				6EAF30F92738D8120023161E /* AppDelegate.swift in Sources */,
				6EB5B85D274C415E0004EBF9 /* MovieDetailsViewController.swift in Sources */,
				6E9E7B52275ABCCC00EAB9F7 /* MovieGridViewController.swift in Sources */,
				6E9E7B56275ACE0A00EAB9F7 /* MovieGridCell.swift in Sources */,
				6EAF30FB2738D8120023161E /* SceneDelegate.swift in Sources */,
				6EA265EB27498DEC00F468AE /* MovieCell.swift in Sources */,
				6EA265E9274968BA00F468AE /* MovieViewController.swift in Sources */,
			);
			runOnlyForDeploymentPostprocessing = 0;
		};
		6EAF31072738D81B0023161E /* Sources */ = {
			isa = PBXSourcesBuildPhase;
			buildActionMask = 2147483647;
			files = (
				6EAF31102738D81B0023161E /* flixerTests.swift in Sources */,
			);
			runOnlyForDeploymentPostprocessing = 0;
		};
		6EAF31112738D81B0023161E /* Sources */ = {
			isa = PBXSourcesBuildPhase;
			buildActionMask = 2147483647;
			files = (
				6EAF311C2738D81B0023161E /* flixerUITestsLaunchTests.swift in Sources */,
				6EAF311A2738D81B0023161E /* flixerUITests.swift in Sources */,
			);
			runOnlyForDeploymentPostprocessing = 0;
		};
/* End PBXSourcesBuildPhase section */

/* Begin PBXTargetDependency section */
		6EAF310D2738D81B0023161E /* PBXTargetDependency */ = {
			isa = PBXTargetDependency;
			target = 6EAF30F42738D8120023161E /* flixer */;
			targetProxy = 6EAF310C2738D81B0023161E /* PBXContainerItemProxy */;
		};
		6EAF31172738D81B0023161E /* PBXTargetDependency */ = {
			isa = PBXTargetDependency;
			target = 6EAF30F42738D8120023161E /* flixer */;
			targetProxy = 6EAF31162738D81B0023161E /* PBXContainerItemProxy */;
		};
/* End PBXTargetDependency section */

/* Begin PBXVariantGroup section */
		6EAF30FE2738D8120023161E /* Main.storyboard */ = {
			isa = PBXVariantGroup;
			children = (
				6EAF30FF2738D8120023161E /* Base */,
			);
			name = Main.storyboard;
			sourceTree = "<group>";
		};
		6EAF31032738D81A0023161E /* LaunchScreen.storyboard */ = {
			isa = PBXVariantGroup;
			children = (
				6EAF31042738D81A0023161E /* Base */,
			);
			name = LaunchScreen.storyboard;
			sourceTree = "<group>";
		};
/* End PBXVariantGroup section */

/* Begin XCBuildConfiguration section */
		6EAF311D2738D81B0023161E /* Debug */ = {
			isa = XCBuildConfiguration;
			buildSettings = {
				ALWAYS_SEARCH_USER_PATHS = NO;
				CLANG_ANALYZER_NONNULL = YES;
				CLANG_ANALYZER_NUMBER_OBJECT_CONVERSION = YES_AGGRESSIVE;
				CLANG_CXX_LANGUAGE_STANDARD = "gnu++17";
				CLANG_CXX_LIBRARY = "libc++";
				CLANG_ENABLE_MODULES = YES;
				CLANG_ENABLE_OBJC_ARC = YES;
				CLANG_ENABLE_OBJC_WEAK = YES;
				CLANG_WARN_BLOCK_CAPTURE_AUTORELEASING = YES;
				CLANG_WARN_BOOL_CONVERSION = YES;
				CLANG_WARN_COMMA = YES;
				CLANG_WARN_CONSTANT_CONVERSION = YES;
				CLANG_WARN_DEPRECATED_OBJC_IMPLEMENTATIONS = YES;
				CLANG_WARN_DIRECT_OBJC_ISA_USAGE = YES_ERROR;
				CLANG_WARN_DOCUMENTATION_COMMENTS = YES;
				CLANG_WARN_EMPTY_BODY = YES;
				CLANG_WARN_ENUM_CONVERSION = YES;
				CLANG_WARN_INFINITE_RECURSION = YES;
				CLANG_WARN_INT_CONVERSION = YES;
				CLANG_WARN_NON_LITERAL_NULL_CONVERSION = YES;
				CLANG_WARN_OBJC_IMPLICIT_RETAIN_SELF = YES;
				CLANG_WARN_OBJC_LITERAL_CONVERSION = YES;
				CLANG_WARN_OBJC_ROOT_CLASS = YES_ERROR;
				CLANG_WARN_QUOTED_INCLUDE_IN_FRAMEWORK_HEADER = YES;
				CLANG_WARN_RANGE_LOOP_ANALYSIS = YES;
				CLANG_WARN_STRICT_PROTOTYPES = YES;
				CLANG_WARN_SUSPICIOUS_MOVE = YES;
				CLANG_WARN_UNGUARDED_AVAILABILITY = YES_AGGRESSIVE;
				CLANG_WARN_UNREACHABLE_CODE = YES;
				CLANG_WARN__DUPLICATE_METHOD_MATCH = YES;
				COPY_PHASE_STRIP = NO;
				DEBUG_INFORMATION_FORMAT = dwarf;
				ENABLE_STRICT_OBJC_MSGSEND = YES;
				ENABLE_TESTABILITY = YES;
				GCC_C_LANGUAGE_STANDARD = gnu11;
				GCC_DYNAMIC_NO_PIC = NO;
				GCC_NO_COMMON_BLOCKS = YES;
				GCC_OPTIMIZATION_LEVEL = 0;
				GCC_PREPROCESSOR_DEFINITIONS = (
					"DEBUG=1",
					"$(inherited)",
				);
				GCC_WARN_64_TO_32_BIT_CONVERSION = YES;
				GCC_WARN_ABOUT_RETURN_TYPE = YES_ERROR;
				GCC_WARN_UNDECLARED_SELECTOR = YES;
				GCC_WARN_UNINITIALIZED_AUTOS = YES_AGGRESSIVE;
				GCC_WARN_UNUSED_FUNCTION = YES;
				GCC_WARN_UNUSED_VARIABLE = YES;
				IPHONEOS_DEPLOYMENT_TARGET = 15.0;
				MTL_ENABLE_DEBUG_INFO = INCLUDE_SOURCE;
				MTL_FAST_MATH = YES;
				ONLY_ACTIVE_ARCH = YES;
				SDKROOT = iphoneos;
				SWIFT_ACTIVE_COMPILATION_CONDITIONS = DEBUG;
				SWIFT_OPTIMIZATION_LEVEL = "-Onone";
			};
			name = Debug;
		};
		6EAF311E2738D81B0023161E /* Release */ = {
			isa = XCBuildConfiguration;
			buildSettings = {
				ALWAYS_SEARCH_USER_PATHS = NO;
				CLANG_ANALYZER_NONNULL = YES;
				CLANG_ANALYZER_NUMBER_OBJECT_CONVERSION = YES_AGGRESSIVE;
				CLANG_CXX_LANGUAGE_STANDARD = "gnu++17";
				CLANG_CXX_LIBRARY = "libc++";
				CLANG_ENABLE_MODULES = YES;
				CLANG_ENABLE_OBJC_ARC = YES;
				CLANG_ENABLE_OBJC_WEAK = YES;
				CLANG_WARN_BLOCK_CAPTURE_AUTORELEASING = YES;
				CLANG_WARN_BOOL_CONVERSION = YES;
				CLANG_WARN_COMMA = YES;
				CLANG_WARN_CONSTANT_CONVERSION = YES;
				CLANG_WARN_DEPRECATED_OBJC_IMPLEMENTATIONS = YES;
				CLANG_WARN_DIRECT_OBJC_ISA_USAGE = YES_ERROR;
				CLANG_WARN_DOCUMENTATION_COMMENTS = YES;
				CLANG_WARN_EMPTY_BODY = YES;
				CLANG_WARN_ENUM_CONVERSION = YES;
				CLANG_WARN_INFINITE_RECURSION = YES;
				CLANG_WARN_INT_CONVERSION = YES;
				CLANG_WARN_NON_LITERAL_NULL_CONVERSION = YES;
				CLANG_WARN_OBJC_IMPLICIT_RETAIN_SELF = YES;
				CLANG_WARN_OBJC_LITERAL_CONVERSION = YES;
				CLANG_WARN_OBJC_ROOT_CLASS = YES_ERROR;
				CLANG_WARN_QUOTED_INCLUDE_IN_FRAMEWORK_HEADER = YES;
				CLANG_WARN_RANGE_LOOP_ANALYSIS = YES;
				CLANG_WARN_STRICT_PROTOTYPES = YES;
				CLANG_WARN_SUSPICIOUS_MOVE = YES;
				CLANG_WARN_UNGUARDED_AVAILABILITY = YES_AGGRESSIVE;
				CLANG_WARN_UNREACHABLE_CODE = YES;
				CLANG_WARN__DUPLICATE_METHOD_MATCH = YES;
				COPY_PHASE_STRIP = NO;
				DEBUG_INFORMATION_FORMAT = "dwarf-with-dsym";
				ENABLE_NS_ASSERTIONS = NO;
				ENABLE_STRICT_OBJC_MSGSEND = YES;
				GCC_C_LANGUAGE_STANDARD = gnu11;
				GCC_NO_COMMON_BLOCKS = YES;
				GCC_WARN_64_TO_32_BIT_CONVERSION = YES;
				GCC_WARN_ABOUT_RETURN_TYPE = YES_ERROR;
				GCC_WARN_UNDECLARED_SELECTOR = YES;
				GCC_WARN_UNINITIALIZED_AUTOS = YES_AGGRESSIVE;
				GCC_WARN_UNUSED_FUNCTION = YES;
				GCC_WARN_UNUSED_VARIABLE = YES;
				IPHONEOS_DEPLOYMENT_TARGET = 15.0;
				MTL_ENABLE_DEBUG_INFO = NO;
				MTL_FAST_MATH = YES;
				SDKROOT = iphoneos;
				SWIFT_COMPILATION_MODE = wholemodule;
				SWIFT_OPTIMIZATION_LEVEL = "-O";
				VALIDATE_PRODUCT = YES;
			};
			name = Release;
		};
		6EAF31202738D81B0023161E /* Debug */ = {
			isa = XCBuildConfiguration;
			baseConfigurationReference = 87C960FF0E4B9393D23071D3 /* Pods-flixer.debug.xcconfig */;
			buildSettings = {
				ASSETCATALOG_COMPILER_APPICON_NAME = AppIcon;
				ASSETCATALOG_COMPILER_GLOBAL_ACCENT_COLOR_NAME = AccentColor;
				CODE_SIGN_STYLE = Automatic;
				CURRENT_PROJECT_VERSION = 1;
				DEVELOPMENT_TEAM = FA5UF4A623;
				GENERATE_INFOPLIST_FILE = YES;
				INFOPLIST_FILE = flixer/Info.plist;
				INFOPLIST_KEY_UIApplicationSupportsIndirectInputEvents = YES;
				INFOPLIST_KEY_UILaunchStoryboardName = LaunchScreen;
				INFOPLIST_KEY_UIMainStoryboardFile = Main;
				INFOPLIST_KEY_UISupportedInterfaceOrientations_iPad = "UIInterfaceOrientationPortrait UIInterfaceOrientationPortraitUpsideDown UIInterfaceOrientationLandscapeLeft UIInterfaceOrientationLandscapeRight";
				INFOPLIST_KEY_UISupportedInterfaceOrientations_iPhone = "UIInterfaceOrientationPortrait UIInterfaceOrientationLandscapeLeft UIInterfaceOrientationLandscapeRight";
				LD_RUNPATH_SEARCH_PATHS = (
					"$(inherited)",
					"@executable_path/Frameworks",
				);
				MARKETING_VERSION = 1.0;
				PRODUCT_BUNDLE_IDENTIFIER = com.project.1.nov.2021;
				PRODUCT_NAME = "$(TARGET_NAME)";
				SWIFT_EMIT_LOC_STRINGS = YES;
				SWIFT_VERSION = 5.0;
				TARGETED_DEVICE_FAMILY = "1,2";
			};
			name = Debug;
		};
		6EAF31212738D81B0023161E /* Release */ = {
			isa = XCBuildConfiguration;
			baseConfigurationReference = A645B38907C9CC7AC9F436E2 /* Pods-flixer.release.xcconfig */;
			buildSettings = {
				ASSETCATALOG_COMPILER_APPICON_NAME = AppIcon;
				ASSETCATALOG_COMPILER_GLOBAL_ACCENT_COLOR_NAME = AccentColor;
				CODE_SIGN_STYLE = Automatic;
				CURRENT_PROJECT_VERSION = 1;
				DEVELOPMENT_TEAM = FA5UF4A623;
				GENERATE_INFOPLIST_FILE = YES;
				INFOPLIST_FILE = flixer/Info.plist;
				INFOPLIST_KEY_UIApplicationSupportsIndirectInputEvents = YES;
				INFOPLIST_KEY_UILaunchStoryboardName = LaunchScreen;
				INFOPLIST_KEY_UIMainStoryboardFile = Main;
				INFOPLIST_KEY_UISupportedInterfaceOrientations_iPad = "UIInterfaceOrientationPortrait UIInterfaceOrientationPortraitUpsideDown UIInterfaceOrientationLandscapeLeft UIInterfaceOrientationLandscapeRight";
				INFOPLIST_KEY_UISupportedInterfaceOrientations_iPhone = "UIInterfaceOrientationPortrait UIInterfaceOrientationLandscapeLeft UIInterfaceOrientationLandscapeRight";
				LD_RUNPATH_SEARCH_PATHS = (
					"$(inherited)",
					"@executable_path/Frameworks",
				);
				MARKETING_VERSION = 1.0;
				PRODUCT_BUNDLE_IDENTIFIER = com.project.1.nov.2021;
				PRODUCT_NAME = "$(TARGET_NAME)";
				SWIFT_EMIT_LOC_STRINGS = YES;
				SWIFT_VERSION = 5.0;
				TARGETED_DEVICE_FAMILY = "1,2";
			};
			name = Release;
		};
		6EAF31232738D81B0023161E /* Debug */ = {
			isa = XCBuildConfiguration;
			baseConfigurationReference = 05A07F7A2D511E50DAE4CD64 /* Pods-flixerTests.debug.xcconfig */;
			buildSettings = {
				ALWAYS_EMBED_SWIFT_STANDARD_LIBRARIES = YES;
				BUNDLE_LOADER = "$(TEST_HOST)";
				CODE_SIGN_STYLE = Automatic;
				CURRENT_PROJECT_VERSION = 1;
				DEVELOPMENT_TEAM = FA5UF4A623;
				GENERATE_INFOPLIST_FILE = YES;
				IPHONEOS_DEPLOYMENT_TARGET = 15.0;
				LD_RUNPATH_SEARCH_PATHS = (
					"$(inherited)",
					"@executable_path/Frameworks",
					"@loader_path/Frameworks",
				);
				MARKETING_VERSION = 1.0;
				PRODUCT_BUNDLE_IDENTIFIER = com.project2.flixer.flixerTests;
				PRODUCT_NAME = "$(TARGET_NAME)";
				SWIFT_EMIT_LOC_STRINGS = NO;
				SWIFT_VERSION = 5.0;
				TARGETED_DEVICE_FAMILY = "1,2";
				TEST_HOST = "$(BUILT_PRODUCTS_DIR)/flixer.app/flixer";
			};
			name = Debug;
		};
		6EAF31242738D81B0023161E /* Release */ = {
			isa = XCBuildConfiguration;
			baseConfigurationReference = A63867D4BCC0A0A8F17CE276 /* Pods-flixerTests.release.xcconfig */;
			buildSettings = {
				ALWAYS_EMBED_SWIFT_STANDARD_LIBRARIES = YES;
				BUNDLE_LOADER = "$(TEST_HOST)";
				CODE_SIGN_STYLE = Automatic;
				CURRENT_PROJECT_VERSION = 1;
				DEVELOPMENT_TEAM = FA5UF4A623;
				GENERATE_INFOPLIST_FILE = YES;
				IPHONEOS_DEPLOYMENT_TARGET = 15.0;
				LD_RUNPATH_SEARCH_PATHS = (
					"$(inherited)",
					"@executable_path/Frameworks",
					"@loader_path/Frameworks",
				);
				MARKETING_VERSION = 1.0;
				PRODUCT_BUNDLE_IDENTIFIER = com.project2.flixer.flixerTests;
				PRODUCT_NAME = "$(TARGET_NAME)";
				SWIFT_EMIT_LOC_STRINGS = NO;
				SWIFT_VERSION = 5.0;
				TARGETED_DEVICE_FAMILY = "1,2";
				TEST_HOST = "$(BUILT_PRODUCTS_DIR)/flixer.app/flixer";
			};
			name = Release;
		};
		6EAF31262738D81B0023161E /* Debug */ = {
			isa = XCBuildConfiguration;
			baseConfigurationReference = DE8484D4C55EA573141CEBBB /* Pods-flixer-flixerUITests.debug.xcconfig */;
			buildSettings = {
				ALWAYS_EMBED_SWIFT_STANDARD_LIBRARIES = YES;
				CODE_SIGN_STYLE = Automatic;
				CURRENT_PROJECT_VERSION = 1;
				DEVELOPMENT_TEAM = FA5UF4A623;
				GENERATE_INFOPLIST_FILE = YES;
				LD_RUNPATH_SEARCH_PATHS = (
					"$(inherited)",
					"@executable_path/Frameworks",
					"@loader_path/Frameworks",
				);
				MARKETING_VERSION = 1.0;
				PRODUCT_BUNDLE_IDENTIFIER = com.project2.flixer.flixerUITests;
				PRODUCT_NAME = "$(TARGET_NAME)";
				SWIFT_EMIT_LOC_STRINGS = NO;
				SWIFT_VERSION = 5.0;
				TARGETED_DEVICE_FAMILY = "1,2";
				TEST_TARGET_NAME = flixer;
			};
			name = Debug;
		};
		6EAF31272738D81B0023161E /* Release */ = {
			isa = XCBuildConfiguration;
			baseConfigurationReference = 273E58F4FE93C6D7A889A043 /* Pods-flixer-flixerUITests.release.xcconfig */;
			buildSettings = {
				ALWAYS_EMBED_SWIFT_STANDARD_LIBRARIES = YES;
				CODE_SIGN_STYLE = Automatic;
				CURRENT_PROJECT_VERSION = 1;
				DEVELOPMENT_TEAM = FA5UF4A623;
				GENERATE_INFOPLIST_FILE = YES;
				LD_RUNPATH_SEARCH_PATHS = (
					"$(inherited)",
					"@executable_path/Frameworks",
					"@loader_path/Frameworks",
				);
				MARKETING_VERSION = 1.0;
				PRODUCT_BUNDLE_IDENTIFIER = com.project2.flixer.flixerUITests;
				PRODUCT_NAME = "$(TARGET_NAME)";
				SWIFT_EMIT_LOC_STRINGS = NO;
				SWIFT_VERSION = 5.0;
				TARGETED_DEVICE_FAMILY = "1,2";
				TEST_TARGET_NAME = flixer;
			};
			name = Release;
		};
/* End XCBuildConfiguration section */

/* Begin XCConfigurationList section */
		6EAF30F02738D8120023161E /* Build configuration list for PBXProject "flixer" */ = {
			isa = XCConfigurationList;
			buildConfigurations = (
				6EAF311D2738D81B0023161E /* Debug */,
				6EAF311E2738D81B0023161E /* Release */,
			);
			defaultConfigurationIsVisible = 0;
			defaultConfigurationName = Release;
		};
		6EAF311F2738D81B0023161E /* Build configuration list for PBXNativeTarget "flixer" */ = {
			isa = XCConfigurationList;
			buildConfigurations = (
				6EAF31202738D81B0023161E /* Debug */,
				6EAF31212738D81B0023161E /* Release */,
			);
			defaultConfigurationIsVisible = 0;
			defaultConfigurationName = Release;
		};
		6EAF31222738D81B0023161E /* Build configuration list for PBXNativeTarget "flixerTests" */ = {
			isa = XCConfigurationList;
			buildConfigurations = (
				6EAF31232738D81B0023161E /* Debug */,
				6EAF31242738D81B0023161E /* Release */,
			);
			defaultConfigurationIsVisible = 0;
			defaultConfigurationName = Release;
		};
		6EAF31252738D81B0023161E /* Build configuration list for PBXNativeTarget "flixerUITests" */ = {
			isa = XCConfigurationList;
			buildConfigurations = (
				6EAF31262738D81B0023161E /* Debug */,
				6EAF31272738D81B0023161E /* Release */,
			);
			defaultConfigurationIsVisible = 0;
			defaultConfigurationName = Release;
		};
/* End XCConfigurationList section */

/* Begin XCRemoteSwiftPackageReference section */
		6EA265EC274ADB4100F468AE /* XCRemoteSwiftPackageReference "AlamofireImage" */ = {
			isa = XCRemoteSwiftPackageReference;
			repositoryURL = "https://github.com/Alamofire/AlamofireImage";
			requirement = {
				kind = upToNextMajorVersion;
				minimumVersion = 4.0.0;
			};
		};
/* End XCRemoteSwiftPackageReference section */

/* Begin XCSwiftPackageProductDependency section */
		6EA265ED274ADB4100F468AE /* AlamofireImage */ = {
			isa = XCSwiftPackageProductDependency;
			package = 6EA265EC274ADB4100F468AE /* XCRemoteSwiftPackageReference "AlamofireImage" */;
			productName = AlamofireImage;
		};
/* End XCSwiftPackageProductDependency section */
	};
	rootObject = 6EAF30ED2738D8120023161E /* Project object */;
}
